
Microsoft Visual Studio Solution File, Format Version 12.00
# Visual Studio 14
VisualStudioVersion = 14.0.23107.0
MinimumVisualStudioVersion = 10.0.40219.1
Project("{8BC9CEB8-8B4A-11D0-8D11-00A0C91BC942}") = "code", "code\code.vcxproj", "{D1573E31-D837-4478-9AA7-77520AF042AB}"
	ProjectSection(ProjectDependencies) = postProject
		{1F822737-94F1-4EC1-9519-FFD01CA186AE} = {1F822737-94F1-4EC1-9519-FFD01CA186AE}
		{706813CB-2AE6-432B-9144-FA852EE62392} = {706813CB-2AE6-432B-9144-FA852EE62392}
		{E829B6EF-FA95-411D-98BF-5E2A24AD99F7} = {E829B6EF-FA95-411D-98BF-5E2A24AD99F7}
	EndProjectSection
EndProject
Project("{8BC9CEB8-8B4A-11D0-8D11-00A0C91BC942}") = "dsp_fx", "dsp_fx\dsp_fx.vcxproj", "{706813CB-2AE6-432B-9144-FA852EE62392}"
EndProject
Project("{8BC9CEB8-8B4A-11D0-8D11-00A0C91BC942}") = "tty", "tty\tty.vcxproj", "{E829B6EF-FA95-411D-98BF-5E2A24AD99F7}"
	ProjectSection(ProjectDependencies) = postProject
		{706813CB-2AE6-432B-9144-FA852EE62392} = {706813CB-2AE6-432B-9144-FA852EE62392}
	EndProjectSection
EndProject
Project("{8BC9CEB8-8B4A-11D0-8D11-00A0C91BC942}") = "ops", "fxptlibs\ops\ops.vcxproj", "{1F822737-94F1-4EC1-9519-FFD01CA186AE}"
EndProject
Project("{8BC9CEB8-8B4A-11D0-8D11-00A0C91BC942}") = "pgetopt", "pgetopt\pgetopt.vcxproj", "{C8CF2068-517F-4E22-AF08-C9B09D7B1BAA}"
EndProject
Global
	GlobalSection(SolutionConfigurationPlatforms) = preSolution
		Debug|x64 = Debug|x64
		Debug|x86 = Debug|x86
		Release|x64 = Release|x64
		Release|x86 = Release|x86
	EndGlobalSection
	GlobalSection(ProjectConfigurationPlatforms) = postSolution
		{D1573E31-D837-4478-9AA7-77520AF042AB}.Debug|x64.ActiveCfg = Debug|x64
		{D1573E31-D837-4478-9AA7-77520AF042AB}.Debug|x64.Build.0 = Debug|x64
		{D1573E31-D837-4478-9AA7-77520AF042AB}.Debug|x86.ActiveCfg = Debug|Win32
		{D1573E31-D837-4478-9AA7-77520AF042AB}.Debug|x86.Build.0 = Debug|Win32
		{D1573E31-D837-4478-9AA7-77520AF042AB}.Release|x64.ActiveCfg = Release|x64
		{D1573E31-D837-4478-9AA7-77520AF042AB}.Release|x64.Build.0 = Release|x64
		{D1573E31-D837-4478-9AA7-77520AF042AB}.Release|x86.ActiveCfg = Release|Win32
		{D1573E31-D837-4478-9AA7-77520AF042AB}.Release|x86.Build.0 = Release|Win32
		{706813CB-2AE6-432B-9144-FA852EE62392}.Debug|x64.ActiveCfg = Debug|x64
		{706813CB-2AE6-432B-9144-FA852EE62392}.Debug|x64.Build.0 = Debug|x64
		{706813CB-2AE6-432B-9144-FA852EE62392}.Debug|x86.ActiveCfg = Debug|Win32
		{706813CB-2AE6-432B-9144-FA852EE62392}.Debug|x86.Build.0 = Debug|Win32
		{706813CB-2AE6-432B-9144-FA852EE62392}.Release|x64.ActiveCfg = Release|x64
		{706813CB-2AE6-432B-9144-FA852EE62392}.Release|x64.Build.0 = Release|x64
		{706813CB-2AE6-432B-9144-FA852EE62392}.Release|x86.ActiveCfg = Release|Win32
		{706813CB-2AE6-432B-9144-FA852EE62392}.Release|x86.Build.0 = Release|Win32
		{E829B6EF-FA95-411D-98BF-5E2A24AD99F7}.Debug|x64.ActiveCfg = Debug|x64
		{E829B6EF-FA95-411D-98BF-5E2A24AD99F7}.Debug|x64.Build.0 = Debug|x64
		{E829B6EF-FA95-411D-98BF-5E2A24AD99F7}.Debug|x86.ActiveCfg = Debug|Win32
		{E829B6EF-FA95-411D-98BF-5E2A24AD99F7}.Debug|x86.Build.0 = Debug|Win32
		{E829B6EF-FA95-411D-98BF-5E2A24AD99F7}.Release|x64.ActiveCfg = Release|x64
		{E829B6EF-FA95-411D-98BF-5E2A24AD99F7}.Release|x64.Build.0 = Release|x64
		{E829B6EF-FA95-411D-98BF-5E2A24AD99F7}.Release|x86.ActiveCfg = Release|Win32
		{E829B6EF-FA95-411D-98BF-5E2A24AD99F7}.Release|x86.Build.0 = Release|Win32
		{1F822737-94F1-4EC1-9519-FFD01CA186AE}.Debug|x64.ActiveCfg = Debug|x64
		{1F822737-94F1-4EC1-9519-FFD01CA186AE}.Debug|x64.Build.0 = Debug|x64
		{1F822737-94F1-4EC1-9519-FFD01CA186AE}.Debug|x86.ActiveCfg = Debug|Win32
		{1F822737-94F1-4EC1-9519-FFD01CA186AE}.Debug|x86.Build.0 = Debug|Win32
		{1F822737-94F1-4EC1-9519-FFD01CA186AE}.Release|x64.ActiveCfg = Release|x64
		{1F822737-94F1-4EC1-9519-FFD01CA186AE}.Release|x64.Build.0 = Release|x64
		{1F822737-94F1-4EC1-9519-FFD01CA186AE}.Release|x86.ActiveCfg = Release|Win32
		{1F822737-94F1-4EC1-9519-FFD01CA186AE}.Release|x86.Build.0 = Release|Win32
		{C8CF2068-517F-4E22-AF08-C9B09D7B1BAA}.Debug|x64.ActiveCfg = Debug|x64
		{C8CF2068-517F-4E22-AF08-C9B09D7B1BAA}.Debug|x64.Build.0 = Debug|x64
		{C8CF2068-517F-4E22-AF08-C9B09D7B1BAA}.Debug|x86.ActiveCfg = Debug|Win32
		{C8CF2068-517F-4E22-AF08-C9B09D7B1BAA}.Debug|x86.Build.0 = Debug|Win32
		{C8CF2068-517F-4E22-AF08-C9B09D7B1BAA}.Release|x64.ActiveCfg = Release|x64
		{C8CF2068-517F-4E22-AF08-C9B09D7B1BAA}.Release|x64.Build.0 = Release|x64
		{C8CF2068-517F-4E22-AF08-C9B09D7B1BAA}.Release|x86.ActiveCfg = Release|Win32
		{C8CF2068-517F-4E22-AF08-C9B09D7B1BAA}.Release|x86.Build.0 = Release|Win32
	EndGlobalSection
	GlobalSection(SolutionProperties) = preSolution
		HideSolutionNode = FALSE
	EndGlobalSection
EndGlobal
