<?xml version="1.0" encoding="utf-8"?>
<Project ToolsVersion="4.0" xmlns="http://schemas.microsoft.com/developer/msbuild/2003">
  <ItemGroup>
    <Filter Include="Source Files">
      <UniqueIdentifier>{4FC737F1-C7A5-4376-A066-2A32D752A2FF}</UniqueIdentifier>
      <Extensions>cpp;c;cc;cxx;def;odl;idl;hpj;bat;asm;asmx</Extensions>
    </Filter>
    <Filter Include="Header Files">
      <UniqueIdentifier>{93995380-89BD-4b04-88EB-625FBE52EBFB}</UniqueIdentifier>
      <Extensions>h;hh;hpp;hxx;hm;inl;inc;xsd</Extensions>
    </Filter>
    <Filter Include="Resource Files">
      <UniqueIdentifier>{67DA6AB6-F800-4c08-8B7A-83BB121AAD01}</UniqueIdentifier>
      <Extensions>rc;ico;cur;bmp;dlg;rc2;rct;bin;rgs;gif;jpg;jpeg;jpe;resx;tiff;tif;png;wav;mfcribbon-ms</Extensions>
    </Filter>
  </ItemGroup>
  <ItemGroup>
    <ClCompile Include="cb.c">
      <Filter>Source Files</Filter>
    </ClCompile>
    <ClCompile Include="cb_tabs.c">
      <Filter>Source Files</Filter>
    </ClCompile>
    <ClCompile Include="celp13k.c">
      <Filter>Source Files</Filter>
    </ClCompile>
    <ClCompile Include="coderate.c">
      <Filter>Source Files</Filter>
    </ClCompile>
    <ClCompile Include="decode.c">
      <Filter>Source Files</Filter>
    </ClCompile>
    <ClCompile Include="encode.c">
      <Filter>Source Files</Filter>
    </ClCompile>
    <ClCompile Include="fer_sim.c">
      <Filter>Source Files</Filter>
    </ClCompile>
    <ClCompile Include="filter.c">
      <Filter>Source Files</Filter>
    </ClCompile>
    <ClCompile Include="frontfil.c">
      <Filter>Source Files</Filter>
    </ClCompile>
    <ClCompile Include="hammtab.c">
      <Filter>Source Files</Filter>
    </ClCompile>
    <ClCompile Include="init.c">
      <Filter>Source Files</Filter>
    </ClCompile>
    <ClCompile Include="io.c">
      <Filter>Source Files</Filter>
    </ClCompile>
    <ClCompile Include="log_10.c">
      <Filter>Source Files</Filter>
    </ClCompile>
    <ClCompile Include="lpc.c">
      <Filter>Source Files</Filter>
    </ClCompile>
    <ClCompile Include="lsp.c">
      <Filter>Source Files</Filter>
    </ClCompile>
    <ClCompile Include="modetabs.c">
      <Filter>Source Files</Filter>
    </ClCompile>
    <ClCompile Include="pack.c">
      <Filter>Source Files</Filter>
    </ClCompile>
    <ClCompile Include="pitch.c">
      <Filter>Source Files</Filter>
    </ClCompile>
    <ClCompile Include="postfilt.c">
      <Filter>Source Files</Filter>
    </ClCompile>
    <ClCompile Include="quantabs.c">
      <Filter>Source Files</Filter>
    </ClCompile>
    <ClCompile Include="quantize.c">
      <Filter>Source Files</Filter>
    </ClCompile>
    <ClCompile Include="ratedec.c">
      <Filter>Source Files</Filter>
    </ClCompile>
    <ClCompile Include="snr.c">
      <Filter>Source Files</Filter>
    </ClCompile>
    <ClCompile Include="target.c">
      <Filter>Source Files</Filter>
    </ClCompile>
    <ClCompile Include="io_qcp.c">
      <Filter>Source Files</Filter>
    </ClCompile>
  </ItemGroup>
  <ItemGroup>
    <ClInclude Include="cb.h">
      <Filter>Header Files</Filter>
    </ClInclude>
    <ClInclude Include="celp.h">
      <Filter>Header Files</Filter>
    </ClInclude>
    <ClInclude Include="coder.h">
      <Filter>Header Files</Filter>
    </ClInclude>
    <ClInclude Include="coder.rate.h">
      <Filter>Header Files</Filter>
    </ClInclude>
    <ClInclude Include="coderate.h">
      <Filter>Header Files</Filter>
    </ClInclude>
    <ClInclude Include="defines.h">
      <Filter>Header Files</Filter>
    </ClInclude>
    <ClInclude Include="fer_sim.h">
      <Filter>Header Files</Filter>
    </ClInclude>
    <ClInclude Include="filter.h">
      <Filter>Header Files</Filter>
    </ClInclude>
    <ClInclude Include="lpc.h">
      <Filter>Header Files</Filter>
    </ClInclude>
    <ClInclude Include="lsp.h">
      <Filter>Header Files</Filter>
    </ClInclude>
    <ClInclude Include="pack.h">
      <Filter>Header Files</Filter>
    </ClInclude>
    <ClInclude Include="quantize.h">
      <Filter>Header Files</Filter>
    </ClInclude>
    <ClInclude Include="tty_hdr.h">
      <Filter>Header Files</Filter>
    </ClInclude>
  </ItemGroup>
</Project>